
Microsoft Visual Studio Solution File, Format Version 12.00
# Visual Studio Version 17
VisualStudioVersion = 17.2.32505.173
MinimumVisualStudioVersion = 10.0.40219.1
Project("{9A19103F-16F7-4668-BE54-9A1E7A4F7556}") = "CursoOnline.Domain.Tests", "test\CursoOnline.Domain.Tests\CursoOnline.Domain.Tests.csproj", "{2F966067-275E-4BBB-83E0-95FC81D88EAE}"
EndProject
Project("{9A19103F-16F7-4668-BE54-9A1E7A4F7556}") = "CursoOnline.Domain", "src\CursoOnline.Domain\CursoOnline.Domain.csproj", "{43895FFF-CE72-4862-B9A4-4F444BA95AEA}"
EndProject
Project("{FAE04EC0-301F-11D3-BF4B-00C04F79EFBC}") = "CursoOnline.API", "src\CursoOnline.API\CursoOnline.API.csproj", "{E4E90767-C2B2-4CDC-A953-DE3CDF8DB16D}"
EndProject
Project("{FAE04EC0-301F-11D3-BF4B-00C04F79EFBC}") = "CursoOnline.Dados", "src\CursoOnline.Dados\CursoOnline.Dados.csproj", "{9B1E2DD7-36E1-4B8B-BD21-2B677C5854E0}"
EndProject
Project("{FAE04EC0-301F-11D3-BF4B-00C04F79EFBC}") = "CursoOnline.Application", "src\CursoOnline.Application\CursoOnline.Application.csproj", "{B6554B6A-A1D7-4A49-8A4B-8B6FB4100CFE}"
EndProject
Global
	GlobalSection(SolutionConfigurationPlatforms) = preSolution
		Debug|Any CPU = Debug|Any CPU
		Release|Any CPU = Release|Any CPU
	EndGlobalSection
	GlobalSection(ProjectConfigurationPlatforms) = postSolution
		{2F966067-275E-4BBB-83E0-95FC81D88EAE}.Debug|Any CPU.ActiveCfg = Debug|Any CPU
		{2F966067-275E-4BBB-83E0-95FC81D88EAE}.Debug|Any CPU.Build.0 = Debug|Any CPU
		{2F966067-275E-4BBB-83E0-95FC81D88EAE}.Release|Any CPU.ActiveCfg = Release|Any CPU
		{2F966067-275E-4BBB-83E0-95FC81D88EAE}.Release|Any CPU.Build.0 = Release|Any CPU
		{43895FFF-CE72-4862-B9A4-4F444BA95AEA}.Debug|Any CPU.ActiveCfg = Debug|Any CPU
		{43895FFF-CE72-4862-B9A4-4F444BA95AEA}.Debug|Any CPU.Build.0 = Debug|Any CPU
		{43895FFF-CE72-4862-B9A4-4F444BA95AEA}.Release|Any CPU.ActiveCfg = Release|Any CPU
		{43895FFF-CE72-4862-B9A4-4F444BA95AEA}.Release|Any CPU.Build.0 = Release|Any CPU
		{E4E90767-C2B2-4CDC-A953-DE3CDF8DB16D}.Debug|Any CPU.ActiveCfg = Debug|Any CPU
		{E4E90767-C2B2-4CDC-A953-DE3CDF8DB16D}.Debug|Any CPU.Build.0 = Debug|Any CPU
		{E4E90767-C2B2-4CDC-A953-DE3CDF8DB16D}.Release|Any CPU.ActiveCfg = Release|Any CPU
		{E4E90767-C2B2-4CDC-A953-DE3CDF8DB16D}.Release|Any CPU.Build.0 = Release|Any CPU
		{9B1E2DD7-36E1-4B8B-BD21-2B677C5854E0}.Debug|Any CPU.ActiveCfg = Debug|Any CPU
		{9B1E2DD7-36E1-4B8B-BD21-2B677C5854E0}.Debug|Any CPU.Build.0 = Debug|Any CPU
		{9B1E2DD7-36E1-4B8B-BD21-2B677C5854E0}.Release|Any CPU.ActiveCfg = Release|Any CPU
		{9B1E2DD7-36E1-4B8B-BD21-2B677C5854E0}.Release|Any CPU.Build.0 = Release|Any CPU
		{B6554B6A-A1D7-4A49-8A4B-8B6FB4100CFE}.Debug|Any CPU.ActiveCfg = Debug|Any CPU
		{B6554B6A-A1D7-4A49-8A4B-8B6FB4100CFE}.Debug|Any CPU.Build.0 = Debug|Any CPU
		{B6554B6A-A1D7-4A49-8A4B-8B6FB4100CFE}.Release|Any CPU.ActiveCfg = Release|Any CPU
		{B6554B6A-A1D7-4A49-8A4B-8B6FB4100CFE}.Release|Any CPU.Build.0 = Release|Any CPU
	EndGlobalSection
	GlobalSection(SolutionProperties) = preSolution
		HideSolutionNode = FALSE
	EndGlobalSection
	GlobalSection(ExtensibilityGlobals) = postSolution
		SolutionGuid = {7ECE7FAF-A8DD-4A66-BF02-41130AC2CA18}
	EndGlobalSection
EndGlobal
